// !$*UTF8*$!
{
	archiveVersion = 1;
	classes = {
	};
	objectVersion = 56;
	objects = {

/* Begin PBXBuildFile section */
		584CA9962C65D8B600C09741 /* CuriosityApp.swift in Sources */ = {isa = PBXBuildFile; fileRef = 584CA9952C65D8B600C09741 /* CuriosityApp.swift */; };
		584CA9982C65D8B600C09741 /* DemoList.swift in Sources */ = {isa = PBXBuildFile; fileRef = 584CA9972C65D8B600C09741 /* DemoList.swift */; };
		584CA99A2C65D8B700C09741 /* Assets.xcassets in Resources */ = {isa = PBXBuildFile; fileRef = 584CA9992C65D8B700C09741 /* Assets.xcassets */; };
		584CA99D2C65D8B700C09741 /* Preview Assets.xcassets in Resources */ = {isa = PBXBuildFile; fileRef = 584CA99C2C65D8B700C09741 /* Preview Assets.xcassets */; };
		584CA9A72C65D8B700C09741 /* CuriosityTests.swift in Sources */ = {isa = PBXBuildFile; fileRef = 584CA9A62C65D8B700C09741 /* CuriosityTests.swift */; };
		584CA9B12C65D8B700C09741 /* CuriosityUITests.swift in Sources */ = {isa = PBXBuildFile; fileRef = 584CA9B02C65D8B700C09741 /* CuriosityUITests.swift */; };
		584CA9B32C65D8B700C09741 /* CuriosityUITestsLaunchTests.swift in Sources */ = {isa = PBXBuildFile; fileRef = 584CA9B22C65D8B700C09741 /* CuriosityUITestsLaunchTests.swift */; };
		58A077372C66EB8600D48D3B /* DemosModel.swift in Sources */ = {isa = PBXBuildFile; fileRef = 58A077362C66EB8600D48D3B /* DemosModel.swift */; };
		58A077392C66EC3C00D48D3B /* SwivelCircle.swift in Sources */ = {isa = PBXBuildFile; fileRef = 58A077382C66EC3C00D48D3B /* SwivelCircle.swift */; };
		58E405FD2C683E2600A82B17 /* PieSegment.swift in Sources */ = {isa = PBXBuildFile; fileRef = 58E405FC2C683E2600A82B17 /* PieSegment.swift */; };
		58E405FF2C683F7300A82B17 /* SwivelScreen.swift in Sources */ = {isa = PBXBuildFile; fileRef = 58E405FE2C683F7300A82B17 /* SwivelScreen.swift */; };
		58E406022C684D8700A82B17 /* DemoProtocol.swift in Sources */ = {isa = PBXBuildFile; fileRef = 58E406012C684D8700A82B17 /* DemoProtocol.swift */; };
		58E5C5DA2C692F85002DF828 /* Quadrant.swift in Sources */ = {isa = PBXBuildFile; fileRef = 58E5C5D92C692F85002DF828 /* Quadrant.swift */; };
/* End PBXBuildFile section */

/* Begin PBXContainerItemProxy section */
		584CA9A32C65D8B700C09741 /* PBXContainerItemProxy */ = {
			isa = PBXContainerItemProxy;
			containerPortal = 584CA98A2C65D8B600C09741 /* Project object */;
			proxyType = 1;
			remoteGlobalIDString = 584CA9912C65D8B600C09741;
			remoteInfo = Curiosity;
		};
		584CA9AD2C65D8B700C09741 /* PBXContainerItemProxy */ = {
			isa = PBXContainerItemProxy;
			containerPortal = 584CA98A2C65D8B600C09741 /* Project object */;
			proxyType = 1;
			remoteGlobalIDString = 584CA9912C65D8B600C09741;
			remoteInfo = Curiosity;
		};
/* End PBXContainerItemProxy section */

/* Begin PBXFileReference section */
		584CA9922C65D8B600C09741 /* Curiosity.app */ = {isa = PBXFileReference; explicitFileType = wrapper.application; includeInIndex = 0; path = Curiosity.app; sourceTree = BUILT_PRODUCTS_DIR; };
		584CA9952C65D8B600C09741 /* CuriosityApp.swift */ = {isa = PBXFileReference; lastKnownFileType = sourcecode.swift; path = CuriosityApp.swift; sourceTree = "<group>"; };
		584CA9972C65D8B600C09741 /* DemoList.swift */ = {isa = PBXFileReference; lastKnownFileType = sourcecode.swift; path = DemoList.swift; sourceTree = "<group>"; };
		584CA9992C65D8B700C09741 /* Assets.xcassets */ = {isa = PBXFileReference; lastKnownFileType = folder.assetcatalog; path = Assets.xcassets; sourceTree = "<group>"; };
		584CA99C2C65D8B700C09741 /* Preview Assets.xcassets */ = {isa = PBXFileReference; lastKnownFileType = folder.assetcatalog; path = "Preview Assets.xcassets"; sourceTree = "<group>"; };
		584CA9A22C65D8B700C09741 /* CuriosityTests.xctest */ = {isa = PBXFileReference; explicitFileType = wrapper.cfbundle; includeInIndex = 0; path = CuriosityTests.xctest; sourceTree = BUILT_PRODUCTS_DIR; };
		584CA9A62C65D8B700C09741 /* CuriosityTests.swift */ = {isa = PBXFileReference; lastKnownFileType = sourcecode.swift; path = CuriosityTests.swift; sourceTree = "<group>"; };
		584CA9AC2C65D8B700C09741 /* CuriosityUITests.xctest */ = {isa = PBXFileReference; explicitFileType = wrapper.cfbundle; includeInIndex = 0; path = CuriosityUITests.xctest; sourceTree = BUILT_PRODUCTS_DIR; };
		584CA9B02C65D8B700C09741 /* CuriosityUITests.swift */ = {isa = PBXFileReference; lastKnownFileType = sourcecode.swift; path = CuriosityUITests.swift; sourceTree = "<group>"; };
		584CA9B22C65D8B700C09741 /* CuriosityUITestsLaunchTests.swift */ = {isa = PBXFileReference; lastKnownFileType = sourcecode.swift; path = CuriosityUITestsLaunchTests.swift; sourceTree = "<group>"; };
		58A077362C66EB8600D48D3B /* DemosModel.swift */ = {isa = PBXFileReference; lastKnownFileType = sourcecode.swift; path = DemosModel.swift; sourceTree = "<group>"; };
		58A077382C66EC3C00D48D3B /* SwivelCircle.swift */ = {isa = PBXFileReference; lastKnownFileType = sourcecode.swift; path = SwivelCircle.swift; sourceTree = "<group>"; };
		58E405FC2C683E2600A82B17 /* PieSegment.swift */ = {isa = PBXFileReference; lastKnownFileType = sourcecode.swift; path = PieSegment.swift; sourceTree = "<group>"; };
		58E405FE2C683F7300A82B17 /* SwivelScreen.swift */ = {isa = PBXFileReference; lastKnownFileType = sourcecode.swift; path = SwivelScreen.swift; sourceTree = "<group>"; };
		58E406012C684D8700A82B17 /* DemoProtocol.swift */ = {isa = PBXFileReference; lastKnownFileType = sourcecode.swift; name = DemoProtocol.swift; path = Curiosity/Admin/DemoProtocol.swift; sourceTree = SOURCE_ROOT; };
		58E5C5D92C692F85002DF828 /* Quadrant.swift */ = {isa = PBXFileReference; lastKnownFileType = sourcecode.swift; path = Quadrant.swift; sourceTree = "<group>"; };
/* End PBXFileReference section */

/* Begin PBXFrameworksBuildPhase section */
		584CA98F2C65D8B600C09741 /* Frameworks */ = {
			isa = PBXFrameworksBuildPhase;
			buildActionMask = 2147483647;
			files = (
			);
			runOnlyForDeploymentPostprocessing = 0;
		};
		584CA99F2C65D8B700C09741 /* Frameworks */ = {
			isa = PBXFrameworksBuildPhase;
			buildActionMask = 2147483647;
			files = (
			);
			runOnlyForDeploymentPostprocessing = 0;
		};
		584CA9A92C65D8B700C09741 /* Frameworks */ = {
			isa = PBXFrameworksBuildPhase;
			buildActionMask = 2147483647;
			files = (
			);
			runOnlyForDeploymentPostprocessing = 0;
		};
/* End PBXFrameworksBuildPhase section */

/* Begin PBXGroup section */
		58037AFD2C66F56600CAE731 /* Views */ = {
			isa = PBXGroup;
			children = (
				584CA9972C65D8B600C09741 /* DemoList.swift */,
				58A077382C66EC3C00D48D3B /* SwivelCircle.swift */,
				58E405FE2C683F7300A82B17 /* SwivelScreen.swift */,
			);
			path = Views;
			sourceTree = "<group>";
		};
		584CA9892C65D8B600C09741 = {
			isa = PBXGroup;
			children = (
				584CA9942C65D8B600C09741 /* Curiosity */,
				584CA9A52C65D8B700C09741 /* CuriosityTests */,
				584CA9AF2C65D8B700C09741 /* CuriosityUITests */,
				584CA9932C65D8B600C09741 /* Products */,
			);
			sourceTree = "<group>";
		};
		584CA9932C65D8B600C09741 /* Products */ = {
			isa = PBXGroup;
			children = (
				584CA9922C65D8B600C09741 /* Curiosity.app */,
				584CA9A22C65D8B700C09741 /* CuriosityTests.xctest */,
				584CA9AC2C65D8B700C09741 /* CuriosityUITests.xctest */,
			);
			name = Products;
			sourceTree = "<group>";
		};
		584CA9942C65D8B600C09741 /* Curiosity */ = {
			isa = PBXGroup;
			children = (
				584CA9952C65D8B600C09741 /* CuriosityApp.swift */,
				58E406002C684D3F00A82B17 /* Admin */,
				58E405FB2C683E0C00A82B17 /* Shapes */,
				587709C92C66F5B400973D8A /* Model */,
				58037AFD2C66F56600CAE731 /* Views */,
				584CA9992C65D8B700C09741 /* Assets.xcassets */,
				584CA99B2C65D8B700C09741 /* Preview Content */,
			);
			path = Curiosity;
			sourceTree = "<group>";
		};
		584CA99B2C65D8B700C09741 /* Preview Content */ = {
			isa = PBXGroup;
			children = (
				584CA99C2C65D8B700C09741 /* Preview Assets.xcassets */,
			);
			path = "Preview Content";
			sourceTree = "<group>";
		};
		584CA9A52C65D8B700C09741 /* CuriosityTests */ = {
			isa = PBXGroup;
			children = (
				584CA9A62C65D8B700C09741 /* CuriosityTests.swift */,
			);
			path = CuriosityTests;
			sourceTree = "<group>";
		};
		584CA9AF2C65D8B700C09741 /* CuriosityUITests */ = {
			isa = PBXGroup;
			children = (
				584CA9B02C65D8B700C09741 /* CuriosityUITests.swift */,
				584CA9B22C65D8B700C09741 /* CuriosityUITestsLaunchTests.swift */,
			);
			path = CuriosityUITests;
			sourceTree = "<group>";
		};
		587709C92C66F5B400973D8A /* Model */ = {
			isa = PBXGroup;
			children = (
				58A077362C66EB8600D48D3B /* DemosModel.swift */,
			);
			path = Model;
			sourceTree = "<group>";
		};
		58E405FB2C683E0C00A82B17 /* Shapes */ = {
			isa = PBXGroup;
			children = (
				58E405FC2C683E2600A82B17 /* PieSegment.swift */,
			);
			path = Shapes;
			sourceTree = "<group>";
		};
		58E406002C684D3F00A82B17 /* Admin */ = {
			isa = PBXGroup;
			children = (
				58E406012C684D8700A82B17 /* DemoProtocol.swift */,
				58E5C5D92C692F85002DF828 /* Quadrant.swift */,
			);
			path = Admin;
			sourceTree = "<group>";
		};
/* End PBXGroup section */

/* Begin PBXNativeTarget section */
		584CA9912C65D8B600C09741 /* Curiosity */ = {
			isa = PBXNativeTarget;
			buildConfigurationList = 584CA9B62C65D8B700C09741 /* Build configuration list for PBXNativeTarget "Curiosity" */;
			buildPhases = (
				584CA98E2C65D8B600C09741 /* Sources */,
				584CA98F2C65D8B600C09741 /* Frameworks */,
				584CA9902C65D8B600C09741 /* Resources */,
			);
			buildRules = (
			);
			dependencies = (
			);
			name = Curiosity;
			productName = Curiosity;
			productReference = 584CA9922C65D8B600C09741 /* Curiosity.app */;
			productType = "com.apple.product-type.application";
		};
		584CA9A12C65D8B700C09741 /* CuriosityTests */ = {
			isa = PBXNativeTarget;
			buildConfigurationList = 584CA9B92C65D8B700C09741 /* Build configuration list for PBXNativeTarget "CuriosityTests" */;
			buildPhases = (
				584CA99E2C65D8B700C09741 /* Sources */,
				584CA99F2C65D8B700C09741 /* Frameworks */,
				584CA9A02C65D8B700C09741 /* Resources */,
			);
			buildRules = (
			);
			dependencies = (
				584CA9A42C65D8B700C09741 /* PBXTargetDependency */,
			);
			name = CuriosityTests;
			productName = CuriosityTests;
			productReference = 584CA9A22C65D8B700C09741 /* CuriosityTests.xctest */;
			productType = "com.apple.product-type.bundle.unit-test";
		};
		584CA9AB2C65D8B700C09741 /* CuriosityUITests */ = {
			isa = PBXNativeTarget;
			buildConfigurationList = 584CA9BC2C65D8B700C09741 /* Build configuration list for PBXNativeTarget "CuriosityUITests" */;
			buildPhases = (
				584CA9A82C65D8B700C09741 /* Sources */,
				584CA9A92C65D8B700C09741 /* Frameworks */,
				584CA9AA2C65D8B700C09741 /* Resources */,
			);
			buildRules = (
			);
			dependencies = (
				584CA9AE2C65D8B700C09741 /* PBXTargetDependency */,
			);
			name = CuriosityUITests;
			productName = CuriosityUITests;
			productReference = 584CA9AC2C65D8B700C09741 /* CuriosityUITests.xctest */;
			productType = "com.apple.product-type.bundle.ui-testing";
		};
/* End PBXNativeTarget section */

/* Begin PBXProject section */
		584CA98A2C65D8B600C09741 /* Project object */ = {
			isa = PBXProject;
			attributes = {
				BuildIndependentTargetsInParallel = 1;
				LastSwiftUpdateCheck = 1540;
				LastUpgradeCheck = 1540;
				TargetAttributes = {
					584CA9912C65D8B600C09741 = {
						CreatedOnToolsVersion = 15.4;
					};
					584CA9A12C65D8B700C09741 = {
						CreatedOnToolsVersion = 15.4;
						TestTargetID = 584CA9912C65D8B600C09741;
					};
					584CA9AB2C65D8B700C09741 = {
						CreatedOnToolsVersion = 15.4;
						TestTargetID = 584CA9912C65D8B600C09741;
					};
				};
			};
			buildConfigurationList = 584CA98D2C65D8B600C09741 /* Build configuration list for PBXProject "Curiosity" */;
			compatibilityVersion = "Xcode 14.0";
			developmentRegion = en;
			hasScannedForEncodings = 0;
			knownRegions = (
				en,
				Base,
			);
			mainGroup = 584CA9892C65D8B600C09741;
			productRefGroup = 584CA9932C65D8B600C09741 /* Products */;
			projectDirPath = "";
			projectRoot = "";
			targets = (
				584CA9912C65D8B600C09741 /* Curiosity */,
				584CA9A12C65D8B700C09741 /* CuriosityTests */,
				584CA9AB2C65D8B700C09741 /* CuriosityUITests */,
			);
		};
/* End PBXProject section */

/* Begin PBXResourcesBuildPhase section */
		584CA9902C65D8B600C09741 /* Resources */ = {
			isa = PBXResourcesBuildPhase;
			buildActionMask = 2147483647;
			files = (
				584CA99D2C65D8B700C09741 /* Preview Assets.xcassets in Resources */,
				584CA99A2C65D8B700C09741 /* Assets.xcassets in Resources */,
			);
			runOnlyForDeploymentPostprocessing = 0;
		};
		584CA9A02C65D8B700C09741 /* Resources */ = {
			isa = PBXResourcesBuildPhase;
			buildActionMask = 2147483647;
			files = (
			);
			runOnlyForDeploymentPostprocessing = 0;
		};
		584CA9AA2C65D8B700C09741 /* Resources */ = {
			isa = PBXResourcesBuildPhase;
			buildActionMask = 2147483647;
			files = (
			);
			runOnlyForDeploymentPostprocessing = 0;
		};
/* End PBXResourcesBuildPhase section */

/* Begin PBXSourcesBuildPhase section */
		584CA98E2C65D8B600C09741 /* Sources */ = {
			isa = PBXSourcesBuildPhase;
			buildActionMask = 2147483647;
			files = (
				584CA9982C65D8B600C09741 /* DemoList.swift in Sources */,
				58E406022C684D8700A82B17 /* DemoProtocol.swift in Sources */,
				58E5C5DA2C692F85002DF828 /* Quadrant.swift in Sources */,
				58E405FF2C683F7300A82B17 /* SwivelScreen.swift in Sources */,
				58E405FD2C683E2600A82B17 /* PieSegment.swift in Sources */,
				58A077392C66EC3C00D48D3B /* SwivelCircle.swift in Sources */,
				584CA9962C65D8B600C09741 /* CuriosityApp.swift in Sources */,
				58A077372C66EB8600D48D3B /* DemosModel.swift in Sources */,
			);
			runOnlyForDeploymentPostprocessing = 0;
		};
		584CA99E2C65D8B700C09741 /* Sources */ = {
			isa = PBXSourcesBuildPhase;
			buildActionMask = 2147483647;
			files = (
				584CA9A72C65D8B700C09741 /* CuriosityTests.swift in Sources */,
			);
			runOnlyForDeploymentPostprocessing = 0;
		};
		584CA9A82C65D8B700C09741 /* Sources */ = {
			isa = PBXSourcesBuildPhase;
			buildActionMask = 2147483647;
			files = (
				584CA9B32C65D8B700C09741 /* CuriosityUITestsLaunchTests.swift in Sources */,
				584CA9B12C65D8B700C09741 /* CuriosityUITests.swift in Sources */,
			);
			runOnlyForDeploymentPostprocessing = 0;
		};
/* End PBXSourcesBuildPhase section */

/* Begin PBXTargetDependency section */
		584CA9A42C65D8B700C09741 /* PBXTargetDependency */ = {
			isa = PBXTargetDependency;
			target = 584CA9912C65D8B600C09741 /* Curiosity */;
			targetProxy = 584CA9A32C65D8B700C09741 /* PBXContainerItemProxy */;
		};
		584CA9AE2C65D8B700C09741 /* PBXTargetDependency */ = {
			isa = PBXTargetDependency;
			target = 584CA9912C65D8B600C09741 /* Curiosity */;
			targetProxy = 584CA9AD2C65D8B700C09741 /* PBXContainerItemProxy */;
		};
/* End PBXTargetDependency section */

/* Begin XCBuildConfiguration section */
		584CA9B42C65D8B700C09741 /* Debug */ = {
			isa = XCBuildConfiguration;
			buildSettings = {
				ALWAYS_SEARCH_USER_PATHS = NO;
				ASSETCATALOG_COMPILER_GENERATE_SWIFT_ASSET_SYMBOL_EXTENSIONS = YES;
				CLANG_ANALYZER_NONNULL = YES;
				CLANG_ANALYZER_NUMBER_OBJECT_CONVERSION = YES_AGGRESSIVE;
				CLANG_CXX_LANGUAGE_STANDARD = "gnu++20";
				CLANG_ENABLE_MODULES = YES;
				CLANG_ENABLE_OBJC_ARC = YES;
				CLANG_ENABLE_OBJC_WEAK = YES;
				CLANG_WARN_BLOCK_CAPTURE_AUTORELEASING = YES;
				CLANG_WARN_BOOL_CONVERSION = YES;
				CLANG_WARN_COMMA = YES;
				CLANG_WARN_CONSTANT_CONVERSION = YES;
				CLANG_WARN_DEPRECATED_OBJC_IMPLEMENTATIONS = YES;
				CLANG_WARN_DIRECT_OBJC_ISA_USAGE = YES_ERROR;
				CLANG_WARN_DOCUMENTATION_COMMENTS = YES;
				CLANG_WARN_EMPTY_BODY = YES;
				CLANG_WARN_ENUM_CONVERSION = YES;
				CLANG_WARN_INFINITE_RECURSION = YES;
				CLANG_WARN_INT_CONVERSION = YES;
				CLANG_WARN_NON_LITERAL_NULL_CONVERSION = YES;
				CLANG_WARN_OBJC_IMPLICIT_RETAIN_SELF = YES;
				CLANG_WARN_OBJC_LITERAL_CONVERSION = YES;
				CLANG_WARN_OBJC_ROOT_CLASS = YES_ERROR;
				CLANG_WARN_QUOTED_INCLUDE_IN_FRAMEWORK_HEADER = YES;
				CLANG_WARN_RANGE_LOOP_ANALYSIS = YES;
				CLANG_WARN_STRICT_PROTOTYPES = YES;
				CLANG_WARN_SUSPICIOUS_MOVE = YES;
				CLANG_WARN_UNGUARDED_AVAILABILITY = YES_AGGRESSIVE;
				CLANG_WARN_UNREACHABLE_CODE = YES;
				CLANG_WARN__DUPLICATE_METHOD_MATCH = YES;
				COPY_PHASE_STRIP = NO;
				DEBUG_INFORMATION_FORMAT = dwarf;
				ENABLE_STRICT_OBJC_MSGSEND = YES;
				ENABLE_TESTABILITY = YES;
				ENABLE_USER_SCRIPT_SANDBOXING = YES;
				GCC_C_LANGUAGE_STANDARD = gnu17;
				GCC_DYNAMIC_NO_PIC = NO;
				GCC_NO_COMMON_BLOCKS = YES;
				GCC_OPTIMIZATION_LEVEL = 0;
				GCC_PREPROCESSOR_DEFINITIONS = (
					"DEBUG=1",
					"$(inherited)",
				);
				GCC_WARN_64_TO_32_BIT_CONVERSION = YES;
				GCC_WARN_ABOUT_RETURN_TYPE = YES_ERROR;
				GCC_WARN_UNDECLARED_SELECTOR = YES;
				GCC_WARN_UNINITIALIZED_AUTOS = YES_AGGRESSIVE;
				GCC_WARN_UNUSED_FUNCTION = YES;
				GCC_WARN_UNUSED_VARIABLE = YES;
				IPHONEOS_DEPLOYMENT_TARGET = 17.5;
				LOCALIZATION_PREFERS_STRING_CATALOGS = YES;
				MTL_ENABLE_DEBUG_INFO = INCLUDE_SOURCE;
				MTL_FAST_MATH = YES;
				ONLY_ACTIVE_ARCH = YES;
				SDKROOT = iphoneos;
				SWIFT_ACTIVE_COMPILATION_CONDITIONS = "DEBUG $(inherited)";
				SWIFT_OPTIMIZATION_LEVEL = "-Onone";
			};
			name = Debug;
		};
		584CA9B52C65D8B700C09741 /* Release */ = {
			isa = XCBuildConfiguration;
			buildSettings = {
				ALWAYS_SEARCH_USER_PATHS = NO;
				ASSETCATALOG_COMPILER_GENERATE_SWIFT_ASSET_SYMBOL_EXTENSIONS = YES;
				CLANG_ANALYZER_NONNULL = YES;
				CLANG_ANALYZER_NUMBER_OBJECT_CONVERSION = YES_AGGRESSIVE;
				CLANG_CXX_LANGUAGE_STANDARD = "gnu++20";
				CLANG_ENABLE_MODULES = YES;
				CLANG_ENABLE_OBJC_ARC = YES;
				CLANG_ENABLE_OBJC_WEAK = YES;
				CLANG_WARN_BLOCK_CAPTURE_AUTORELEASING = YES;
				CLANG_WARN_BOOL_CONVERSION = YES;
				CLANG_WARN_COMMA = YES;
				CLANG_WARN_CONSTANT_CONVERSION = YES;
				CLANG_WARN_DEPRECATED_OBJC_IMPLEMENTATIONS = YES;
				CLANG_WARN_DIRECT_OBJC_ISA_USAGE = YES_ERROR;
				CLANG_WARN_DOCUMENTATION_COMMENTS = YES;
				CLANG_WARN_EMPTY_BODY = YES;
				CLANG_WARN_ENUM_CONVERSION = YES;
				CLANG_WARN_INFINITE_RECURSION = YES;
				CLANG_WARN_INT_CONVERSION = YES;
				CLANG_WARN_NON_LITERAL_NULL_CONVERSION = YES;
				CLANG_WARN_OBJC_IMPLICIT_RETAIN_SELF = YES;
				CLANG_WARN_OBJC_LITERAL_CONVERSION = YES;
				CLANG_WARN_OBJC_ROOT_CLASS = YES_ERROR;
				CLANG_WARN_QUOTED_INCLUDE_IN_FRAMEWORK_HEADER = YES;
				CLANG_WARN_RANGE_LOOP_ANALYSIS = YES;
				CLANG_WARN_STRICT_PROTOTYPES = YES;
				CLANG_WARN_SUSPICIOUS_MOVE = YES;
				CLANG_WARN_UNGUARDED_AVAILABILITY = YES_AGGRESSIVE;
				CLANG_WARN_UNREACHABLE_CODE = YES;
				CLANG_WARN__DUPLICATE_METHOD_MATCH = YES;
				COPY_PHASE_STRIP = NO;
				DEBUG_INFORMATION_FORMAT = "dwarf-with-dsym";
				ENABLE_NS_ASSERTIONS = NO;
				ENABLE_STRICT_OBJC_MSGSEND = YES;
				ENABLE_USER_SCRIPT_SANDBOXING = YES;
				GCC_C_LANGUAGE_STANDARD = gnu17;
				GCC_NO_COMMON_BLOCKS = YES;
				GCC_WARN_64_TO_32_BIT_CONVERSION = YES;
				GCC_WARN_ABOUT_RETURN_TYPE = YES_ERROR;
				GCC_WARN_UNDECLARED_SELECTOR = YES;
				GCC_WARN_UNINITIALIZED_AUTOS = YES_AGGRESSIVE;
				GCC_WARN_UNUSED_FUNCTION = YES;
				GCC_WARN_UNUSED_VARIABLE = YES;
				IPHONEOS_DEPLOYMENT_TARGET = 17.5;
				LOCALIZATION_PREFERS_STRING_CATALOGS = YES;
				MTL_ENABLE_DEBUG_INFO = NO;
				MTL_FAST_MATH = YES;
				SDKROOT = iphoneos;
				SWIFT_COMPILATION_MODE = wholemodule;
				VALIDATE_PRODUCT = YES;
			};
			name = Release;
		};
		584CA9B72C65D8B700C09741 /* Debug */ = {
			isa = XCBuildConfiguration;
			buildSettings = {
				ASSETCATALOG_COMPILER_APPICON_NAME = AppIcon;
				ASSETCATALOG_COMPILER_GLOBAL_ACCENT_COLOR_NAME = AccentColor;
				CODE_SIGN_STYLE = Automatic;
				CURRENT_PROJECT_VERSION = 1;
				DEVELOPMENT_ASSET_PATHS = "\"Curiosity/Preview Content\"";
				DEVELOPMENT_TEAM = KB8J5QDTYU;
				ENABLE_PREVIEWS = YES;
				GENERATE_INFOPLIST_FILE = YES;
				INFOPLIST_KEY_UIApplicationSceneManifest_Generation = YES;
				INFOPLIST_KEY_UIApplicationSupportsIndirectInputEvents = YES;
				INFOPLIST_KEY_UILaunchScreen_Generation = YES;
				INFOPLIST_KEY_UISupportedInterfaceOrientations = UIInterfaceOrientationPortrait;
				INFOPLIST_KEY_UISupportedInterfaceOrientations_iPad = "UIInterfaceOrientationLandscapeLeft UIInterfaceOrientationLandscapeRight UIInterfaceOrientationPortrait UIInterfaceOrientationPortraitUpsideDown";
				LD_RUNPATH_SEARCH_PATHS = (
					"$(inherited)",
					"@executable_path/Frameworks",
				);
				MARKETING_VERSION = 1.0;
				PRODUCT_BUNDLE_IDENTIFIER = manny.Curiosity;
				PRODUCT_NAME = "$(TARGET_NAME)";
				SWIFT_EMIT_LOC_STRINGS = YES;
				SWIFT_VERSION = 5.0;
				TARGETED_DEVICE_FAMILY = "1,2";
			};
			name = Debug;
		};
		584CA9B82C65D8B700C09741 /* Release */ = {
			isa = XCBuildConfiguration;
			buildSettings = {
				ASSETCATALOG_COMPILER_APPICON_NAME = AppIcon;
				ASSETCATALOG_COMPILER_GLOBAL_ACCENT_COLOR_NAME = AccentColor;
				CODE_SIGN_STYLE = Automatic;
				CURRENT_PROJECT_VERSION = 1;
				DEVELOPMENT_ASSET_PATHS = "\"Curiosity/Preview Content\"";
				DEVELOPMENT_TEAM = KB8J5QDTYU;
				ENABLE_PREVIEWS = YES;
				GENERATE_INFOPLIST_FILE = YES;
				INFOPLIST_KEY_UIApplicationSceneManifest_Generation = YES;
				INFOPLIST_KEY_UIApplicationSupportsIndirectInputEvents = YES;
				INFOPLIST_KEY_UILaunchScreen_Generation = YES;
				INFOPLIST_KEY_UISupportedInterfaceOrientations = UIInterfaceOrientationPortrait;
				INFOPLIST_KEY_UISupportedInterfaceOrientations_iPad = "UIInterfaceOrientationLandscapeLeft UIInterfaceOrientationLandscapeRight UIInterfaceOrientationPortrait UIInterfaceOrientationPortraitUpsideDown";
				LD_RUNPATH_SEARCH_PATHS = (
					"$(inherited)",
					"@executable_path/Frameworks",
				);
				MARKETING_VERSION = 1.0;
				PRODUCT_BUNDLE_IDENTIFIER = manny.Curiosity;
				PRODUCT_NAME = "$(TARGET_NAME)";
				SWIFT_EMIT_LOC_STRINGS = YES;
				SWIFT_VERSION = 5.0;
				TARGETED_DEVICE_FAMILY = "1,2";
			};
			name = Release;
		};
		584CA9BA2C65D8B700C09741 /* Debug */ = {
			isa = XCBuildConfiguration;
			buildSettings = {
				ALWAYS_EMBED_SWIFT_STANDARD_LIBRARIES = YES;
				BUNDLE_LOADER = "$(TEST_HOST)";
				CODE_SIGN_STYLE = Automatic;
				CURRENT_PROJECT_VERSION = 1;
				DEVELOPMENT_TEAM = KB8J5QDTYU;
				GENERATE_INFOPLIST_FILE = YES;
				IPHONEOS_DEPLOYMENT_TARGET = 17.5;
				MARKETING_VERSION = 1.0;
				PRODUCT_BUNDLE_IDENTIFIER = manny.CuriosityTests;
				PRODUCT_NAME = "$(TARGET_NAME)";
				SWIFT_EMIT_LOC_STRINGS = NO;
				SWIFT_VERSION = 5.0;
				TARGETED_DEVICE_FAMILY = "1,2";
				TEST_HOST = "$(BUILT_PRODUCTS_DIR)/Curiosity.app/$(BUNDLE_EXECUTABLE_FOLDER_PATH)/Curiosity";
			};
			name = Debug;
		};
		584CA9BB2C65D8B700C09741 /* Release */ = {
			isa = XCBuildConfiguration;
			buildSettings = {
				ALWAYS_EMBED_SWIFT_STANDARD_LIBRARIES = YES;
				BUNDLE_LOADER = "$(TEST_HOST)";
				CODE_SIGN_STYLE = Automatic;
				CURRENT_PROJECT_VERSION = 1;
				DEVELOPMENT_TEAM = KB8J5QDTYU;
				GENERATE_INFOPLIST_FILE = YES;
				IPHONEOS_DEPLOYMENT_TARGET = 17.5;
				MARKETING_VERSION = 1.0;
				PRODUCT_BUNDLE_IDENTIFIER = manny.CuriosityTests;
				PRODUCT_NAME = "$(TARGET_NAME)";
				SWIFT_EMIT_LOC_STRINGS = NO;
				SWIFT_VERSION = 5.0;
				TARGETED_DEVICE_FAMILY = "1,2";
				TEST_HOST = "$(BUILT_PRODUCTS_DIR)/Curiosity.app/$(BUNDLE_EXECUTABLE_FOLDER_PATH)/Curiosity";
			};
			name = Release;
		};
		584CA9BD2C65D8B700C09741 /* Debug */ = {
			isa = XCBuildConfiguration;
			buildSettings = {
				ALWAYS_EMBED_SWIFT_STANDARD_LIBRARIES = YES;
				CODE_SIGN_STYLE = Automatic;
				CURRENT_PROJECT_VERSION = 1;
				DEVELOPMENT_TEAM = KB8J5QDTYU;
				GENERATE_INFOPLIST_FILE = YES;
				MARKETING_VERSION = 1.0;
				PRODUCT_BUNDLE_IDENTIFIER = manny.CuriosityUITests;
				PRODUCT_NAME = "$(TARGET_NAME)";
				SWIFT_EMIT_LOC_STRINGS = NO;
				SWIFT_VERSION = 5.0;
				TARGETED_DEVICE_FAMILY = "1,2";
				TEST_TARGET_NAME = Curiosity;
			};
			name = Debug;
		};
		584CA9BE2C65D8B700C09741 /* Release */ = {
			isa = XCBuildConfiguration;
			buildSettings = {
				ALWAYS_EMBED_SWIFT_STANDARD_LIBRARIES = YES;
				CODE_SIGN_STYLE = Automatic;
				CURRENT_PROJECT_VERSION = 1;
				DEVELOPMENT_TEAM = KB8J5QDTYU;
				GENERATE_INFOPLIST_FILE = YES;
				MARKETING_VERSION = 1.0;
				PRODUCT_BUNDLE_IDENTIFIER = manny.CuriosityUITests;
				PRODUCT_NAME = "$(TARGET_NAME)";
				SWIFT_EMIT_LOC_STRINGS = NO;
				SWIFT_VERSION = 5.0;
				TARGETED_DEVICE_FAMILY = "1,2";
				TEST_TARGET_NAME = Curiosity;
			};
			name = Release;
		};
/* End XCBuildConfiguration section */

/* Begin XCConfigurationList section */
		584CA98D2C65D8B600C09741 /* Build configuration list for PBXProject "Curiosity" */ = {
			isa = XCConfigurationList;
			buildConfigurations = (
				584CA9B42C65D8B700C09741 /* Debug */,
				584CA9B52C65D8B700C09741 /* Release */,
			);
			defaultConfigurationIsVisible = 0;
			defaultConfigurationName = Release;
		};
		584CA9B62C65D8B700C09741 /* Build configuration list for PBXNativeTarget "Curiosity" */ = {
			isa = XCConfigurationList;
			buildConfigurations = (
				584CA9B72C65D8B700C09741 /* Debug */,
				584CA9B82C65D8B700C09741 /* Release */,
			);
			defaultConfigurationIsVisible = 0;
			defaultConfigurationName = Release;
		};
		584CA9B92C65D8B700C09741 /* Build configuration list for PBXNativeTarget "CuriosityTests" */ = {
			isa = XCConfigurationList;
			buildConfigurations = (
				584CA9BA2C65D8B700C09741 /* Debug */,
				584CA9BB2C65D8B700C09741 /* Release */,
			);
			defaultConfigurationIsVisible = 0;
			defaultConfigurationName = Release;
		};
		584CA9BC2C65D8B700C09741 /* Build configuration list for PBXNativeTarget "CuriosityUITests" */ = {
			isa = XCConfigurationList;
			buildConfigurations = (
				584CA9BD2C65D8B700C09741 /* Debug */,
				584CA9BE2C65D8B700C09741 /* Release */,
			);
			defaultConfigurationIsVisible = 0;
			defaultConfigurationName = Release;
		};
/* End XCConfigurationList section */
	};
	rootObject = 584CA98A2C65D8B600C09741 /* Project object */;
}
